version = 1
revision = 3
requires-python = "==3.8.*"

[[package]]
name = "altgraph"
version = "0.17.5"
source = { registry = "https://pypi.org/simple" }
sdist = { url = "https://files.pythonhosted.org/packages/7e/f8/97fdf103f38fed6792a1601dbc16cc8aac56e7459a9fff08c812d8ae177a/altgraph-0.17.5.tar.gz", hash = "sha256:c87b395dd12fabde9c99573a9749d67da8d29ef9de0125c7f536699b4a9bc9e7", size = 48428, upload-time = "2025-11-21T20:35:50.583Z" }
wheels = [
    { url = "https://files.pythonhosted.org/packages/a9/ba/000a1996d4308bc65120167c21241a3b205464a2e0b58deda26ae8ac21d1/altgraph-0.17.5-py2.py3-none-any.whl", hash = "sha256:f3a22400bce1b0c701683820ac4f3b159cd301acab067c51c653e06961600597", size = 21228, upload-time = "2025-11-21T20:35:49.444Z" },
]

[[package]]
name = "blinker"
version = "1.8.2"
source = { registry = "https://pypi.org/simple" }
sdist = { url = "https://files.pythonhosted.org/packages/1e/57/a6a1721eff09598fb01f3c7cda070c1b6a0f12d63c83236edf79a440abcc/blinker-1.8.2.tar.gz", hash = "sha256:8f77b09d3bf7c795e969e9486f39c2c5e9c39d4ee07424be2bc594ece9642d83", size = 23161, upload-time = "2024-05-06T17:04:10.101Z" }
wheels = [
    { url = "https://files.pythonhosted.org/packages/bb/2a/10164ed1f31196a2f7f3799368a821765c62851ead0e630ab52b8e14b4d0/blinker-1.8.2-py3-none-any.whl", hash = "sha256:1779309f71bf239144b9399d06ae925637cf6634cf6bd131104184531bf67c01", size = 9456, upload-time = "2024-05-06T17:04:08.444Z" },
]

[[package]]
name = "charset-normalizer"
version = "3.4.9"
source = { registry = "https://pypi.org/simple" }
sdist = { url = "https://files.pythonhosted.org/packages/bd/2a/23f34ec9d04624958e137efdc394888716353190e75f25dd22c7a2c7a8aa/charset_normalizer-3.4.9.tar.gz", hash = "sha256:673611bbd43f0810bec0b0f028ddeaaa501190339cac411f347ac76917c3ae7b", size = 152439, upload-time = "2026-07-07T14:34:58.454Z" }
wheels = [
    { url = "https://files.pythonhosted.org/packages/98/2b/f97f1c193fb855c345d678f5077d6926034db0722df74c8f057020e05a25/charset_normalizer-3.4.9-py3-none-any.whl", hash = "sha256:68e5f26a1ad57ded6d1cfb85331d1c1a195314756471d97758c48498bb4dcdf5", size = 64538, upload-time = "2026-07-07T14:34:56.993Z" },
]

[[package]]
name = "click"
version = "8.1.8"
source = { registry = "https://pypi.org/simple" }
dependencies = [
    { name = "colorama", marker = "sys_platform == 'win32'" },
]
sdist = { url = "https://files.pythonhosted.org/packages/b9/2e/0090cbf739cee7d23781ad4b89a9894a41538e4fcf4c31dcdd705b78eb8b/click-8.1.8.tar.gz", hash = "sha256:ed53c9d8990d83c2a27deae68e4ee337473f6330c040a31d4225c9574d16096a", size = 226593, upload-time = "2024-12-21T18:38:44.339Z" }
wheels = [
    { url = "https://files.pythonhosted.org/packages/7e/d4/7ebdbd03970677812aac39c869717059dbb71a4cfc033ca6e5221787892c/click-8.1.8-py3-none-any.whl", hash = "sha256:63c132bbbed01578a06712a2d1f497bb62d9c1c0d329b7903a866228027263b2", size = 98188, upload-time = "2024-12-21T18:38:41.666Z" },
]

[[package]]
name = "colorama"
version = "0.4.6"
source = { registry = "https://pypi.org/simple" }
sdist = { url = "https://files.pythonhosted.org/packages/d8/53/6f443c9a4a8358a93a6792e2acffb9d9d5cb0a5cfd8802644b7b1c9a02e4/colorama-0.4.6.tar.gz", hash = "sha256:08695f5cb7ed6e0531a20572697297273c47b8cae5a63ffc6d6ed5c201be6e44", size = 27697, upload-time = "2022-10-25T02:36:22.414Z" }
wheels = [
    { url = "https://files.pythonhosted.org/packages/d1/d6/3965ed04c63042e047cb6a3e6ed1a63a35087b6a609aa3a15ed8ac56c221/colorama-0.4.6-py2.py3-none-any.whl", hash = "sha256:4f1d9991f5acc0ca119f9d443620b77f9d6b33703e51011c16baf57afb285fc6", size = 25335, upload-time = "2022-10-25T02:36:20.889Z" },
]

[[package]]
name = "comtypes"
version = "1.4.12"
source = { registry = "https://pypi.org/simple" }
sdist = { url = "https://files.pythonhosted.org/packages/b6/b8/3af03195b9de515448292169c6d6d7a630de02bedf891a47b809638c186f/comtypes-1.4.12.zip", hash = "sha256:3ff06c442c2de8a2b25785407f244eb5b6f809d21cf068a855071ba80a76876f", size = 280541, upload-time = "2025-08-27T23:47:33.155Z" }
wheels = [
    { url = "https://files.pythonhosted.org/packages/2d/01/89285549c5138009db68f26c80f2174d0ec82a858547df0cc40a8b0a47d6/comtypes-1.4.12-py3-none-any.whl", hash = "sha256:e0fa9cc19c489fa7feea4c1710f4575c717e2673edef5b99bf99efd507908e44", size = 253704, upload-time = "2025-08-27T23:47:31.58Z" },
]

[[package]]
name = "flask"
version = "3.0.3"
source = { registry = "https://pypi.org/simple" }
dependencies = [
    { name = "blinker" },
    { name = "click" },
    { name = "importlib-metadata" },
    { name = "itsdangerous" },
    { name = "jinja2" },
    { name = "werkzeug" },
]
sdist = { url = "https://files.pythonhosted.org/packages/41/e1/d104c83026f8d35dfd2c261df7d64738341067526406b40190bc063e829a/flask-3.0.3.tar.gz", hash = "sha256:ceb27b0af3823ea2737928a4d99d125a06175b8512c445cbd9a9ce200ef76842", size = 676315, upload-time = "2024-04-07T19:26:11.035Z" }
wheels = [
    { url = "https://files.pythonhosted.org/packages/61/80/ffe1da13ad9300f87c93af113edd0638c75138c42a0994becfacac078c06/flask-3.0.3-py3-none-any.whl", hash = "sha256:34e815dfaa43340d1d15a5c3a02b8476004037eb4840b34910c6e21679d288f3", size = 101735, upload-time = "2024-04-07T19:26:08.569Z" },
]

[[package]]
name = "importlib-metadata"
version = "8.5.0"
source = { registry = "https://pypi.org/simple" }
dependencies = [
    { name = "zipp" },
]
sdist = { url = "https://files.pythonhosted.org/packages/cd/12/33e59336dca5be0c398a7482335911a33aa0e20776128f038019f1a95f1b/importlib_metadata-8.5.0.tar.gz", hash = "sha256:71522656f0abace1d072b9e5481a48f07c138e00f079c38c8f883823f9c26bd7", size = 55304, upload-time = "2024-09-11T14:56:08.937Z" }
wheels = [
    { url = "https://files.pythonhosted.org/packages/a0/d9/a1e041c5e7caa9a05c925f4bdbdfb7f006d1f74996af53467bc394c97be7/importlib_metadata-8.5.0-py3-none-any.whl", hash = "sha256:45e54197d28b7a7f1559e60b95e7c567032b602131fbd588f1497f47880aa68b", size = 26514, upload-time = "2024-09-11T14:56:07.019Z" },
]

[[package]]
name = "itsdangerous"
version = "2.2.0"
source = { registry = "https://pypi.org/simple" }
sdist = { url = "https://files.pythonhosted.org/packages/9c/cb/8ac0172223afbccb63986cc25049b154ecfb5e85932587206f42317be31d/itsdangerous-2.2.0.tar.gz", hash = "sha256:e0050c0b7da1eea53ffaf149c0cfbb5c6e2e2b69c4bef22c81fa6eb73e5f6173", size = 54410, upload-time = "2024-04-16T21:28:15.614Z" }
wheels = [
    { url = "https://files.pythonhosted.org/packages/04/96/92447566d16df59b2a776c0fb82dbc4d9e07cd95062562af01e408583fc4/itsdangerous-2.2.0-py3-none-any.whl", hash = "sha256:c6242fc49e35958c8b15141343aa660db5fc54d4f13a1db01a3f5891b98700ef", size = 16234, upload-time = "2024-04-16T21:28:14.499Z" },
]

[[package]]
name = "jinja2"
version = "3.1.6"
source = { registry = "https://pypi.org/simple" }
dependencies = [
    { name = "markupsafe" },
]
sdist = { url = "https://files.pythonhosted.org/packages/df/bf/f7da0350254c0ed7c72f3e33cef02e048281fec7ecec5f032d4aac52226b/jinja2-3.1.6.tar.gz", hash = "sha256:0137fb05990d35f1275a587e9aee6d56da821fc83491a0fb838183be43f66d6d", size = 245115, upload-time = "2025-03-05T20:05:02.478Z" }
wheels = [
    { url = "https://files.pythonhosted.org/packages/62/a1/3d680cbfd5f4b8f15abc1d571870c5fc3e594bb582bc3b64ea099db13e56/jinja2-3.1.6-py3-none-any.whl", hash = "sha256:85ece4451f492d0c13c5dd7c13a64681a86afae63a5f347908daf103ce6d2f67", size = 134899, upload-time = "2025-03-05T20:05:00.369Z" },
]

[[package]]
name = "macholib"
version = "1.16.4"
source = { registry = "https://pypi.org/simple" }
dependencies = [
    { name = "altgraph" },
]
sdist = { url = "https://files.pythonhosted.org/packages/10/2f/97589876ea967487978071c9042518d28b958d87b17dceb7cdc1d881f963/macholib-1.16.4.tar.gz", hash = "sha256:f408c93ab2e995cd2c46e34fe328b130404be143469e41bc366c807448979362", size = 59427, upload-time = "2025-11-22T08:28:38.373Z" }
wheels = [
    { url = "https://files.pythonhosted.org/packages/c7/d1/a9f36f8ecdf0fb7c9b1e78c8d7af12b8c8754e74851ac7b94a8305540fc7/macholib-1.16.4-py2.py3-none-any.whl", hash = "sha256:da1a3fa8266e30f0ce7e97c6a54eefaae8edd1e5f86f3eb8b95457cae90265ea", size = 38117, upload-time = "2025-11-22T08:28:36.939Z" },
]

[[package]]
name = "markupsafe"
version = "2.1.5"
source = { registry = "https://pypi.org/simple" }
sdist = { url = "https://files.pythonhosted.org/packages/87/5b/aae44c6655f3801e81aa3eef09dbbf012431987ba564d7231722f68df02d/MarkupSafe-2.1.5.tar.gz", hash = "sha256:d283d37a890ba4c1ae73ffadf8046435c76e7bc2247bbb63c00bd1a709c6544b", size = 19384, upload-time = "2024-02-02T16:31:22.863Z" }
wheels = [
    { url = "https://files.pythonhosted.org/packages/f8/ff/2c942a82c35a49df5de3a630ce0a8456ac2969691b230e530ac12314364c/MarkupSafe-2.1.5-cp38-cp38-macosx_10_9_universal2.whl", hash = "sha256:656f7526c69fac7f600bd1f400991cc282b417d17539a1b228617081106feb4a", size = 18192, upload-time = "2024-02-02T16:30:57.715Z" },
    { url = "https://files.pythonhosted.org/packages/4f/14/6f294b9c4f969d0c801a4615e221c1e084722ea6114ab2114189c5b8cbe0/MarkupSafe-2.1.5-cp38-cp38-macosx_10_9_x86_64.whl", hash = "sha256:97cafb1f3cbcd3fd2b6fbfb99ae11cdb14deea0736fc2b0952ee177f2b813a46", size = 14072, upload-time = "2024-02-02T16:30:58.844Z" },
    { url = "https://files.pythonhosted.org/packages/81/d4/fd74714ed30a1dedd0b82427c02fa4deec64f173831ec716da11c51a50aa/MarkupSafe-2.1.5-cp38-cp38-manylinux_2_17_aarch64.manylinux2014_aarch64.whl", hash = "sha256:1f3fbcb7ef1f16e48246f704ab79d79da8a46891e2da03f8783a5b6fa41a9532", size = 26928, upload-time = "2024-02-02T16:30:59.922Z" },
    { url = "https://files.pythonhosted.org/packages/c7/bd/50319665ce81bb10e90d1cf76f9e1aa269ea6f7fa30ab4521f14d122a3df/MarkupSafe-2.1.5-cp38-cp38-manylinux_2_17_x86_64.manylinux2014_x86_64.whl", hash = "sha256:fa9db3f79de01457b03d4f01b34cf91bc0048eb2c3846ff26f66687c2f6d16ab", size = 26106, upload-time = "2024-02-02T16:31:01.582Z" },
    { url = "https://files.pythonhosted.org/packages/4c/6f/f2b0f675635b05f6afd5ea03c094557bdb8622fa8e673387444fe8d8e787/MarkupSafe-2.1.5-cp38-cp38-manylinux_2_5_i686.manylinux1_i686.manylinux_2_17_i686.manylinux2014_i686.whl", hash = "sha256:ffee1f21e5ef0d712f9033568f8344d5da8cc2869dbd08d87c84656e6a2d2f68", size = 25781, upload-time = "2024-02-02T16:31:02.71Z" },
    { url = "https://files.pythonhosted.org/packages/51/e0/393467cf899b34a9d3678e78961c2c8cdf49fb902a959ba54ece01273fb1/MarkupSafe-2.1.5-cp38-cp38-musllinux_1_1_aarch64.whl", hash = "sha256:5dedb4db619ba5a2787a94d877bc8ffc0566f92a01c0ef214865e54ecc9ee5e0", size = 30518, upload-time = "2024-02-02T16:31:04.392Z" },
    { url = "https://files.pythonhosted.org/packages/f6/02/5437e2ad33047290dafced9df741d9efc3e716b75583bbd73a9984f1b6f7/MarkupSafe-2.1.5-cp38-cp38-musllinux_1_1_i686.whl", hash = "sha256:30b600cf0a7ac9234b2638fbc0fb6158ba5bdcdf46aeb631ead21248b9affbc4", size = 29669, upload-time = "2024-02-02T16:31:05.53Z" },
    { url = "https://files.pythonhosted.org/packages/0e/7d/968284145ffd9d726183ed6237c77938c021abacde4e073020f920e060b2/MarkupSafe-2.1.5-cp38-cp38-musllinux_1_1_x86_64.whl", hash = "sha256:8dd717634f5a044f860435c1d8c16a270ddf0ef8588d4887037c5028b859b0c3", size = 29933, upload-time = "2024-02-02T16:31:06.636Z" },
    { url = "https://files.pythonhosted.org/packages/bf/f3/ecb00fc8ab02b7beae8699f34db9357ae49d9f21d4d3de6f305f34fa949e/MarkupSafe-2.1.5-cp38-cp38-win32.whl", hash = "sha256:daa4ee5a243f0f20d528d939d06670a298dd39b1ad5f8a72a4275124a7819eff", size = 16656, upload-time = "2024-02-02T16:31:07.767Z" },
    { url = "https://files.pythonhosted.org/packages/92/21/357205f03514a49b293e214ac39de01fadd0970a6e05e4bf1ddd0ffd0881/MarkupSafe-2.1.5-cp38-cp38-win_amd64.whl", hash = "sha256:619bc166c4f2de5caa5a633b8b7326fbe98e0ccbfacabd87268a2b15ff73a029", size = 17206, upload-time = "2024-02-02T16:31:08.843Z" },
]

[[package]]
name = "packaging"
version = "26.2"
source = { registry = "https://pypi.org/simple" }
sdist = { url = "https://files.pythonhosted.org/packages/d7/f1/e7a6dd94a8d4a5626c03e4e99c87f241ba9e350cd9e6d75123f992427270/packaging-26.2.tar.gz", hash = "sha256:ff452ff5a3e828ce110190feff1178bb1f2ea2281fa2075aadb987c2fb221661", size = 228134, upload-time = "2026-04-24T20:15:23.917Z" }
wheels = [
    { url = "https://files.pythonhosted.org/packages/df/b2/87e62e8c3e2f4b32e5fe99e0b86d576da1312593b39f47d8ceef365e95ed/packaging-26.2-py3-none-any.whl", hash = "sha256:5fc45236b9446107ff2415ce77c807cee2862cb6fac22b8a73826d0693b0980e", size = 100195, upload-time = "2026-04-24T20:15:22.081Z" },
]

[[package]]
name = "pefile"
version = "2024.8.26"
source = { registry = "https://pypi.org/simple" }
sdist = { url = "https://files.pythonhosted.org/packages/03/4f/2750f7f6f025a1507cd3b7218691671eecfd0bbebebe8b39aa0fe1d360b8/pefile-2024.8.26.tar.gz", hash = "sha256:3ff6c5d8b43e8c37bb6e6dd5085658d658a7a0bdcd20b6a07b1fcfc1c4e9d632", size = 76008, upload-time = "2024-08-26T20:58:38.155Z" }
wheels = [
    { url = "https://files.pythonhosted.org/packages/54/16/12b82f791c7f50ddec566873d5bdd245baa1491bac11d15ffb98aecc8f8b/pefile-2024.8.26-py3-none-any.whl", hash = "sha256:76f8b485dcd3b1bb8166f1128d395fa3d87af26360c2358fb75b80019b957c6f", size = 74766, upload-time = "2024-08-26T21:01:02.632Z" },
]

[[package]]
name = "pillow"
version = "10.4.0"
source = { registry = "https://pypi.org/simple" }
sdist = { url = "https://files.pythonhosted.org/packages/cd/74/ad3d526f3bf7b6d3f408b73fde271ec69dfac8b81341a318ce825f2b3812/pillow-10.4.0.tar.gz", hash = "sha256:166c1cd4d24309b30d61f79f4a9114b7b2313d7450912277855ff5dfd7cd4a06", size = 46555059, upload-time = "2024-07-01T09:48:43.583Z" }
wheels = [
    { url = "https://files.pythonhosted.org/packages/56/70/f40009702a477ce87d8d9faaa4de51d6562b3445d7a314accd06e4ffb01d/pillow-10.4.0-cp38-cp38-macosx_10_10_x86_64.whl", hash = "sha256:8d4d5063501b6dd4024b8ac2f04962d661222d120381272deea52e3fc52d3736", size = 3509213, upload-time = "2024-07-01T09:47:11.662Z" },
    { url = "https://files.pythonhosted.org/packages/10/43/105823d233c5e5d31cea13428f4474ded9d961652307800979a59d6a4276/pillow-10.4.0-cp38-cp38-macosx_11_0_arm64.whl", hash = "sha256:7c1ee6f42250df403c5f103cbd2768a28fe1a0ea1f0f03fe151c8741e1469c8b", size = 3375883, upload-time = "2024-07-01T09:47:14.453Z" },
    { url = "https://files.pythonhosted.org/packages/3c/ad/7850c10bac468a20c918f6a5dbba9ecd106ea1cdc5db3c35e33a60570408/pillow-10.4.0-cp38-cp38-manylinux_2_17_aarch64.manylinux2014_aarch64.whl", hash = "sha256:b15e02e9bb4c21e39876698abf233c8c579127986f8207200bc8a8f6bb27acf2", size = 4330810, upload-time = "2024-07-01T09:47:16.695Z" },
    { url = "https://files.pythonhosted.org/packages/84/4c/69bbed9e436ac22f9ed193a2b64f64d68fcfbc9f4106249dc7ed4889907b/pillow-10.4.0-cp38-cp38-manylinux_2_17_x86_64.manylinux2014_x86_64.whl", hash = "sha256:7a8d4bade9952ea9a77d0c3e49cbd8b2890a399422258a77f357b9cc9be8d680", size = 4444341, upload-time = "2024-07-01T09:47:19.334Z" },
    { url = "https://files.pythonhosted.org/packages/8f/4f/c183c63828a3f37bf09644ce94cbf72d4929b033b109160a5379c2885932/pillow-10.4.0-cp38-cp38-manylinux_2_28_aarch64.whl", hash = "sha256:43efea75eb06b95d1631cb784aa40156177bf9dd5b4b03ff38979e048258bc6b", size = 4356005, upload-time = "2024-07-01T09:47:21.805Z" },
    { url = "https://files.pythonhosted.org/packages/fb/ad/435fe29865f98a8fbdc64add8875a6e4f8c97749a93577a8919ec6f32c64/pillow-10.4.0-cp38-cp38-manylinux_2_28_x86_64.whl", hash = "sha256:950be4d8ba92aca4b2bb0741285a46bfae3ca699ef913ec8416c1b78eadd64cd", size = 4525201, upload-time = "2024-07-01T09:47:24.457Z" },
    { url = "https://files.pythonhosted.org/packages/80/74/be8bf8acdfd70e91f905a12ae13cfb2e17c0f1da745c40141e26d0971ff5/pillow-10.4.0-cp38-cp38-musllinux_1_2_aarch64.whl", hash = "sha256:d7480af14364494365e89d6fddc510a13e5a2c3584cb19ef65415ca57252fb84", size = 4460635, upload-time = "2024-07-01T09:47:26.841Z" },
    { url = "https://files.pythonhosted.org/packages/e4/90/763616e66dc9ad59c9b7fb58f863755e7934ef122e52349f62c7742b82d3/pillow-10.4.0-cp38-cp38-musllinux_1_2_x86_64.whl", hash = "sha256:73664fe514b34c8f02452ffb73b7a92c6774e39a647087f83d67f010eb9a0cf0", size = 4590283, upload-time = "2024-07-01T09:47:29.247Z" },
    { url = "https://files.pythonhosted.org/packages/69/66/03002cb5b2c27bb519cba63b9f9aa3709c6f7a5d3b285406c01f03fb77e5/pillow-10.4.0-cp38-cp38-win32.whl", hash = "sha256:e88d5e6ad0d026fba7bdab8c3f225a69f063f116462c49892b0149e21b6c0a0e", size = 2235185, upload-time = "2024-07-01T09:47:32.205Z" },
    { url = "https://files.pythonhosted.org/packages/f2/75/3cb820b2812405fc7feb3d0deb701ef0c3de93dc02597115e00704591bc9/pillow-10.4.0-cp38-cp38-win_amd64.whl", hash = "sha256:5161eef006d335e46895297f642341111945e2c1c899eb406882a6c61a4357ab", size = 2554594, upload-time = "2024-07-01T09:47:34.285Z" },
]

[[package]]
name = "printerservice"
version = "0.1.0"
source = { virtual = "." }
dependencies = [
    { name = "comtypes" },
    { name = "flask" },
    { name = "pillow" },
    { name = "pyinstaller" },
    { name = "pymupdf" },
    { name = "pystray" },
    { name = "pywin32" },
    { name = "reportlab" },
]

[package.metadata]
requires-dist = [
    { name = "comtypes" },
    { name = "flask" },
    { name = "pillow" },
    { name = "pyinstaller", specifier = ">=6.21.0" },
    { name = "pymupdf" },
    { name = "pystray" },
    { name = "pywin32" },
    { name = "reportlab" },
]

[[package]]
name = "pyinstaller"
version = "6.21.0"
source = { registry = "https://pypi.org/simple" }
dependencies = [
    { name = "altgraph" },
    { name = "importlib-metadata" },
    { name = "macholib", marker = "sys_platform == 'darwin'" },
    { name = "packaging" },
    { name = "pefile", marker = "sys_platform == 'win32'" },
    { name = "pyinstaller-hooks-contrib" },
    { name = "pywin32-ctypes", marker = "sys_platform == 'win32'" },
    { name = "setuptools" },
]
sdist = { url = "https://files.pythonhosted.org/packages/d5/4d/ec706c3fcf39e26888c35b39615ff4d5865d184069666c47492cff1fbe50/pyinstaller-6.21.0.tar.gz", hash = "sha256:bb9fab705983e393a2d1cac77d6972513057ad800215fd861dc15ff5272e98fd", size = 4061519, upload-time = "2026-06-13T14:15:06.25Z" }
wheels = [
    { url = "https://files.pythonhosted.org/packages/0c/4a/53cf98bf66daed012dc9cd78c8203f19a675d696f2fc12afcf8c5049a0e0/pyinstaller-6.21.0-py3-none-macosx_10_13_universal2.whl", hash = "sha256:327d132389f37912609e01be62810cf96b5aa95b613903e4b8692e0d12fb0eda", size = 1052350, upload-time = "2026-06-13T14:13:55.88Z" },
    { url = "https://files.pythonhosted.org/packages/30/83/b591295c352ef464c50b4c6ffff1c4f771d875c9e833f578d1b9f564f6b3/pyinstaller-6.21.0-py3-none-manylinux2014_aarch64.whl", hash = "sha256:7071d4b094d5b40deeef5fa3d3b98a1b846087f7562b49209663d5f9281fe251", size = 748477, upload-time = "2026-06-13T14:14:00.327Z" },
    { url = "https://files.pythonhosted.org/packages/3d/8f/88fff4e403873b1e22286911350e75ff00db014aa08e57045da9d4328993/pyinstaller-6.21.0-py3-none-manylinux2014_i686.whl", hash = "sha256:6b6374d652107dd4a2eeece903ff82bb4045bb5e1006c5a158a6dcdbefe84bf2", size = 760877, upload-time = "2026-06-13T14:14:04.836Z" },
    { url = "https://files.pythonhosted.org/packages/8a/13/f0e48fbdfd1d05d948157121cea8b1b823dcb89efe6934b71fdd8bdb3f0f/pyinstaller-6.21.0-py3-none-manylinux2014_ppc64le.whl", hash = "sha256:4e3108b3f02384560da70e39b8bf22b0ad597d02bd68a40d76ea91c1cfa00cad", size = 759194, upload-time = "2026-06-13T14:14:10.61Z" },
    { url = "https://files.pythonhosted.org/packages/dd/d5/ea7878cf9924ed30d946d8288777424e6d069d94f5bde56b4d0890069664/pyinstaller-6.21.0-py3-none-manylinux2014_s390x.whl", hash = "sha256:697532279f535ad572bda613db4f821540e235c7854ca6da4d3bf0373f4415ee", size = 754979, upload-time = "2026-06-13T14:14:15.226Z" },
    { url = "https://files.pythonhosted.org/packages/9f/09/51b8905714b733bac66dbc041a7821372d70d888d273ae474c4037d4202d/pyinstaller-6.21.0-py3-none-manylinux2014_x86_64.whl", hash = "sha256:605169523a6b5ace39f13dfbff21add9f2bc43df99c7daf9394fefb2c45e8b6f", size = 754812, upload-time = "2026-06-13T14:14:20.264Z" },
    { url = "https://files.pythonhosted.org/packages/4b/43/d77779439d8c6c2e27a77bcfbd1d5cc0f568ebb611bb472b11af81b5f177/pyinstaller-6.21.0-py3-none-musllinux_1_1_aarch64.whl", hash = "sha256:5fa56746c1e76f93634d018502301378a2d0c382553d37d8c3c34ff436c12dd1", size = 753887, upload-time = "2026-06-13T14:14:25.268Z" },
    { url = "https://files.pythonhosted.org/packages/51/8f/c22df1f6837784ac349057ba693f08e7b1ca7a0e06f9c33c63bc6280007b/pyinstaller-6.21.0-py3-none-musllinux_1_1_x86_64.whl", hash = "sha256:42395ec76df8e8120c36b13339d9db8cab83e316a12839ee303cc00fc941bb74", size = 753779, upload-time = "2026-06-13T14:14:29.445Z" },
    { url = "https://files.pythonhosted.org/packages/c9/76/1ce8a27ce62ba8cf3a87c9ce6d575610f4e55d7cb0123e7512fc3f4b921a/pyinstaller-6.21.0-py3-none-win32.whl", hash = "sha256:c6b28d30d8fd99ce162ff3aab5013ed44dbfb747566b1f01b9bed7964d7c14e9", size = 1336462, upload-time = "2026-06-13T14:14:35.785Z" },
    { url = "https://files.pythonhosted.org/packages/c1/fa/ca1d7e5257dd8566a9dfc0dfb02f8a8075eeb53d4b2d3c579f1276759042/pyinstaller-6.21.0-py3-none-win_amd64.whl", hash = "sha256:7fae06c494ce0ebfe6bd3055c0e409def884f63af2e3705d06bd431ad9237fc7", size = 1397487, upload-time = "2026-06-13T14:14:42.328Z" },
    { url = "https://files.pythonhosted.org/packages/dc/75/21b51523ce8d96629b71311775a0a65f5f5a872124ab0de33e5c848f8bff/pyinstaller-6.21.0-py3-none-win_arm64.whl", hash = "sha256:f13c95c9c03fb567217135919f93815c305813126780b0ed6e0123cb8acaf025", size = 1346094, upload-time = "2026-06-13T14:14:48.914Z" },
]

[[package]]
name = "pyinstaller-hooks-contrib"
version = "2026.6"
source = { registry = "https://pypi.org/simple" }
dependencies = [
    { name = "importlib-metadata" },
    { name = "packaging" },
]
sdist = { url = "https://files.pythonhosted.org/packages/94/5b/c9fe0db5e83ee1c39b2258fa21d23b15e1a60786b6c5990ee5074ead8bb6/pyinstaller_hooks_contrib-2026.6.tar.gz", hash = "sha256:bef5002c32f4f50bd55b005da12cff64eca8783e7eaf86a06a62410164bab725", size = 173354, upload-time = "2026-06-08T22:37:16.152Z" }
wheels = [
    { url = "https://files.pythonhosted.org/packages/e7/31/f2d7343d8ed5f7c4678377886f6ce533e6eaaa131b252ce950114c2a7efa/pyinstaller_hooks_contrib-2026.6-py3-none-any.whl", hash = "sha256:fd13b8ac126b35361175edacd41a0d97080b75dd5f4b594ecefefff969509dd3", size = 457159, upload-time = "2026-06-08T22:37:14.722Z" },
]

[[package]]
name = "pymupdf"
version = "1.24.11"
source = { registry = "https://pypi.org/simple" }
sdist = { url = "https://files.pythonhosted.org/packages/d4/a3/3edbb6be649e311107b320141cae0353d4cc9c6593eba7691f16c53c9c71/PyMuPDF-1.24.11.tar.gz", hash = "sha256:6e45e57f14ac902029d4aacf07684958d0e58c769f47d9045b2048d0a3d20155", size = 51199098, upload-time = "2024-10-03T20:59:54.415Z" }
wheels = [
    { url = "https://files.pythonhosted.org/packages/f5/75/b059d603530d99926de2b6a64314f3534e2149ee5496142de550c66907ac/PyMuPDF-1.24.11-cp38-abi3-macosx_10_9_x86_64.whl", hash = "sha256:24c35ba9e731027ff24566b90d4986e9aac75e1ce47589b25de51e3c687ddb73", size = 18895391, upload-time = "2024-10-03T20:58:18.04Z" },
    { url = "https://files.pythonhosted.org/packages/16/f8/8396ca7218622cb3600c919b320a24f05b7c14bd81eea03f3f2182844a06/PyMuPDF-1.24.11-cp38-abi3-macosx_11_0_arm64.whl", hash = "sha256:20c8eb65b855a33411246d6697a3f3166727fe2d8585753cf0db648730104be6", size = 18152689, upload-time = "2024-10-03T20:58:31.823Z" },
    { url = "https://files.pythonhosted.org/packages/55/3d/84bd559129d2ff07267baae0bde0c6f4f49232408b547971f7a2e1534cb9/PyMuPDF-1.24.11-cp38-abi3-manylinux2014_aarch64.manylinux_2_17_aarch64.whl", hash = "sha256:32fd013e3c844f105c0a6a43ee82acc7cd0c900f6ff14f5eed9492840bbcbdd9", size = 19033047, upload-time = "2024-10-04T07:59:52.645Z" },
    { url = "https://files.pythonhosted.org/packages/ca/21/ad66778ad2485f87ef1d5a36f17ec8d4aee8ce247c8e46c673eff776a877/PyMuPDF-1.24.11-cp38-abi3-manylinux2014_x86_64.manylinux_2_17_x86_64.whl", hash = "sha256:2efb793644df99db0fe2468149048175cf25c5803997828efc9152aca838f5f2", size = 19563533, upload-time = "2024-10-03T20:58:58.548Z" },
    { url = "https://files.pythonhosted.org/packages/6a/92/9ff020892560f80433876ec904c0f2669d1d69403adf412565e54a946615/PyMuPDF-1.24.11-cp38-abi3-musllinux_1_2_x86_64.whl", hash = "sha256:9b7ac5b8ec3daec17f2e830962ed091610e576a5e531d2fe28c437fbd69b1969", size = 20691324, upload-time = "2024-10-03T20:58:46.085Z" },
    { url = "https://files.pythonhosted.org/packages/28/6b/a0247598f06585d84ae9927d6ed191d89d38686ad6bf0dadc0ed699a77e7/PyMuPDF-1.24.11-cp38-abi3-win32.whl", hash = "sha256:6fda6c7ed7e6ad74d9cfac5c3837ef42efd58c506440e2513a0a200bc3c4dbc0", size = 14685566, upload-time = "2024-10-03T20:59:21.644Z" },
    { url = "https://files.pythonhosted.org/packages/f6/03/99895f003d7ff59c83d524aeccecff4e1ee1f39a7724f88acfda4f67b8bc/PyMuPDF-1.24.11-cp38-abi3-win_amd64.whl", hash = "sha256:745ce77532702d6ddeeecb47306d3669629aa5ff82708318cd652881f493b0ba", size = 15984328, upload-time = "2024-10-03T20:59:11.654Z" },
]

[[package]]
name = "pyobjc-core"
version = "11.1"
source = { registry = "https://pypi.org/simple" }
sdist = { url = "https://files.pythonhosted.org/packages/e8/e9/0b85c81e2b441267bca707b5d89f56c2f02578ef8f3eafddf0e0c0b8848c/pyobjc_core-11.1.tar.gz", hash = "sha256:b63d4d90c5df7e762f34739b39cc55bc63dbcf9fb2fb3f2671e528488c7a87fe", size = 974602, upload-time = "2025-06-14T20:56:34.189Z" }

[[package]]
name = "pyobjc-framework-cocoa"
version = "10.3.2"
source = { registry = "https://pypi.org/simple" }
dependencies = [
    { name = "pyobjc-core" },
]
sdist = { url = "https://files.pythonhosted.org/packages/39/41/4f09a5e9a6769b4dafb293ea597ed693cc0def0e07867ad0a42664f530b6/pyobjc_framework_cocoa-10.3.2.tar.gz", hash = "sha256:673968e5435845bef969bfe374f31a1a6dc660c98608d2b84d5cae6eafa5c39d", size = 4942530, upload-time = "2024-11-30T15:30:27.244Z" }
wheels = [
    { url = "https://files.pythonhosted.org/packages/fc/6b/1167d2e926b29fa79680ba83028818af28ec97a91e84d849ab18a6b51342/pyobjc_framework_Cocoa-10.3.2-cp38-cp38-macosx_10_9_x86_64.whl", hash = "sha256:7faa448d2038ae0e0287a326d390002e744bb6470e45995e2dbd16c892e4495a", size = 284040, upload-time = "2024-11-30T13:18:57.955Z" },
    { url = "https://files.pythonhosted.org/packages/41/df/b627ac079a11011f7a9e4ae5a3c358fc6540d0b51386d339e214a957a4aa/pyobjc_framework_Cocoa-10.3.2-cp38-cp38-macosx_11_0_universal2.whl", hash = "sha256:fcd53fee2be9708576617994b107aedc2c40824b648cd51e780e8399c0a447b6", size = 381813, upload-time = "2024-11-30T13:18:59.766Z" },
]

[[package]]
name = "pyobjc-framework-quartz"
version = "10.3.2"
source = { registry = "https://pypi.org/simple" }
dependencies = [
    { name = "pyobjc-core" },
    { name = "pyobjc-framework-cocoa" },
]
sdist = { url = "https://files.pythonhosted.org/packages/eb/bd/d78c845a6f0640975e837d1d0f04d6bbd95bb88b77dcee22482144ac5ad0/pyobjc_framework_quartz-10.3.2.tar.gz", hash = "sha256:193e7752c93e2d1304f914e3a8c069f4b66de237376c5285ba7c72e9ee0e3b15", size = 3776754, upload-time = "2024-11-30T17:11:47.99Z" }
wheels = [
    { url = "https://files.pythonhosted.org/packages/2e/79/59963b2d9205695e5e3a0cbfbc5b225b687dc4fe111a1746707776e1f882/pyobjc_framework_Quartz-10.3.2-cp38-cp38-macosx_10_9_x86_64.whl", hash = "sha256:d3b55ec27cffff18d98d73694001a211ad4cdf717f7d8ad76235f845771d8b5d", size = 138020, upload-time = "2024-11-30T14:44:41.904Z" },
    { url = "https://files.pythonhosted.org/packages/7a/12/f31289e7a824284e4bddd79745460c376c416bc003125b4fe704f4a09691/pyobjc_framework_Quartz-10.3.2-cp38-cp38-macosx_11_0_universal2.whl", hash = "sha256:a58826db7e71de4654e5215b46f00f7825b17991078c9ba74ca729a4da024f82", size = 211696, upload-time = "2024-11-30T14:44:45.409Z" },
]

[[package]]
name = "pystray"
version = "0.19.5"
source = { registry = "https://pypi.org/simple" }
dependencies = [
    { name = "pillow" },
    { name = "pyobjc-framework-quartz", marker = "sys_platform == 'darwin'" },
    { name = "python-xlib", marker = "sys_platform == 'linux'" },
    { name = "six" },
]
wheels = [
    { url = "https://files.pythonhosted.org/packages/5c/64/927a4b9024196a4799eba0180e0ca31568426f258a4a5c90f87a97f51d28/pystray-0.19.5-py2.py3-none-any.whl", hash = "sha256:a0c2229d02cf87207297c22d86ffc57c86c227517b038c0d3c59df79295ac617", size = 49068, upload-time = "2023-09-17T13:44:26.872Z" },
]

[[package]]
name = "python-xlib"
version = "0.33"
source = { registry = "https://pypi.org/simple" }
dependencies = [
    { name = "six" },
]
sdist = { url = "https://files.pythonhosted.org/packages/86/f5/8c0653e5bb54e0cbdfe27bf32d41f27bc4e12faa8742778c17f2a71be2c0/python-xlib-0.33.tar.gz", hash = "sha256:55af7906a2c75ce6cb280a584776080602444f75815a7aff4d287bb2d7018b32", size = 269068, upload-time = "2022-12-25T18:53:00.824Z" }
wheels = [
    { url = "https://files.pythonhosted.org/packages/fc/b8/ff33610932e0ee81ae7f1269c890f697d56ff74b9f5b2ee5d9b7fa2c5355/python_xlib-0.33-py2.py3-none-any.whl", hash = "sha256:c3534038d42e0df2f1392a1b30a15a4ff5fdc2b86cfa94f072bf11b10a164398", size = 182185, upload-time = "2022-12-25T18:52:58.662Z" },
]

[[package]]
name = "pywin32"
version = "311"
source = { registry = "https://pypi.org/simple" }
wheels = [
    { url = "https://files.pythonhosted.org/packages/75/20/6cd04d636a4c83458ecbb7c8220c13786a1a80d3f5fb568df39310e73e98/pywin32-311-cp38-cp38-win32.whl", hash = "sha256:6c6f2969607b5023b0d9ce2541f8d2cbb01c4f46bc87456017cf63b73f1e2d8c", size = 8766775, upload-time = "2025-07-14T20:12:55.029Z" },
    { url = "https://files.pythonhosted.org/packages/ff/6c/94c10268bae5d0d0c6509bdfb5aa08882d11a9ccdf89ff1cde59a6161afb/pywin32-311-cp38-cp38-win_amd64.whl", hash = "sha256:c8015b09fb9a5e188f83b7b04de91ddca4658cee2ae6f3bc483f0b21a77ef6cd", size = 9594743, upload-time = "2025-07-14T20:12:57.59Z" },
]

[[package]]
name = "pywin32-ctypes"
version = "0.2.3"
source = { registry = "https://pypi.org/simple" }
sdist = { url = "https://files.pythonhosted.org/packages/85/9f/01a1a99704853cb63f253eea009390c88e7131c67e66a0a02099a8c917cb/pywin32-ctypes-0.2.3.tar.gz", hash = "sha256:d162dc04946d704503b2edc4d55f3dba5c1d539ead017afa00142c38b9885755", size = 29471, upload-time = "2024-08-14T10:15:34.626Z" }
wheels = [
    { url = "https://files.pythonhosted.org/packages/de/3d/8161f7711c017e01ac9f008dfddd9410dff3674334c233bde66e7ba65bbf/pywin32_ctypes-0.2.3-py3-none-any.whl", hash = "sha256:8a1513379d709975552d202d942d9837758905c8d01eb82b8bcc30918929e7b8", size = 30756, upload-time = "2024-08-14T10:15:33.187Z" },
]

[[package]]
name = "reportlab"
version = "4.4.3"
source = { registry = "https://pypi.org/simple" }
dependencies = [
    { name = "charset-normalizer" },
    { name = "pillow" },
]
sdist = { url = "https://files.pythonhosted.org/packages/2f/83/3d44b873fa71ddc7d323c577fe4cfb61e05b34d14e64b6a232f9cfbff89d/reportlab-4.4.3.tar.gz", hash = "sha256:073b0975dab69536acd3251858e6b0524ed3e087e71f1d0d1895acb50acf9c7b", size = 3887532, upload-time = "2025-07-23T11:18:23.799Z" }
wheels = [
    { url = "https://files.pythonhosted.org/packages/52/c8/aaf4e08679e7b1dc896ad30de0d0527f0fd55582c2e6deee4f2cc899bf9f/reportlab-4.4.3-py3-none-any.whl", hash = "sha256:df905dc5ec5ddaae91fc9cb3371af863311271d555236410954961c5ee6ee1b5", size = 1953896, upload-time = "2025-07-23T11:18:20.572Z" },
]

[[package]]
name = "setuptools"
version = "75.3.4"
source = { registry = "https://pypi.org/simple" }
sdist = { url = "https://files.pythonhosted.org/packages/0e/93/d2622cbf262418995140dfc1ddb890badd6322893fa122302577c82b9617/setuptools-75.3.4.tar.gz", hash = "sha256:b4ea3f76e1633c4d2d422a5d68ab35fd35402ad71e6acaa5d7e5956eb47e8887", size = 1354595, upload-time = "2026-02-08T14:12:34.287Z" }
wheels = [
    { url = "https://files.pythonhosted.org/packages/cd/b1/961ba076c7d3732e3a97e6681c55ef647afb795fe8bfcd27becec8a762ce/setuptools-75.3.4-py3-none-any.whl", hash = "sha256:2dd50a7f42dddfa1d02a36f275dbe716f38ed250224f609d35fb60a09593d93e", size = 1251633, upload-time = "2026-02-08T14:12:32.364Z" },
]

[[package]]
name = "six"
version = "1.17.0"
source = { registry = "https://pypi.org/simple" }
sdist = { url = "https://files.pythonhosted.org/packages/94/e7/b2c673351809dca68a0e064b6af791aa332cf192da575fd474ed7d6f16a2/six-1.17.0.tar.gz", hash = "sha256:ff70335d468e7eb6ec65b95b99d3a2836546063f63acc5171de367e834932a81", size = 34031, upload-time = "2024-12-04T17:35:28.174Z" }
wheels = [
    { url = "https://files.pythonhosted.org/packages/b7/ce/149a00dd41f10bc29e5921b496af8b574d8413afcd5e30dfa0ed46c2cc5e/six-1.17.0-py2.py3-none-any.whl", hash = "sha256:4721f391ed90541fddacab5acf947aa0d3dc7d27b2e1e8eda2be8970586c3274", size = 11050, upload-time = "2024-12-04T17:35:26.475Z" },
]

[[package]]
name = "werkzeug"
version = "3.0.6"
source = { registry = "https://pypi.org/simple" }
dependencies = [
    { name = "markupsafe" },
]
sdist = { url = "https://files.pythonhosted.org/packages/d4/f9/0ba83eaa0df9b9e9d1efeb2ea351d0677c37d41ee5d0f91e98423c7281c9/werkzeug-3.0.6.tar.gz", hash = "sha256:a8dd59d4de28ca70471a34cba79bed5f7ef2e036a76b3ab0835474246eb41f8d", size = 805170, upload-time = "2024-10-25T18:52:31.688Z" }
wheels = [
    { url = "https://files.pythonhosted.org/packages/6c/69/05837f91dfe42109203ffa3e488214ff86a6d68b2ed6c167da6cdc42349b/werkzeug-3.0.6-py3-none-any.whl", hash = "sha256:1bc0c2310d2fbb07b1dd1105eba2f7af72f322e1e455f2f93c993bee8c8a5f17", size = 227979, upload-time = "2024-10-25T18:52:30.129Z" },
]

[[package]]
name = "zipp"
version = "3.20.2"
source = { registry = "https://pypi.org/simple" }
sdist = { url = "https://files.pythonhosted.org/packages/54/bf/5c0000c44ebc80123ecbdddba1f5dcd94a5ada602a9c225d84b5aaa55e86/zipp-3.20.2.tar.gz", hash = "sha256:bc9eb26f4506fda01b81bcde0ca78103b6e62f991b381fec825435c836edbc29", size = 24199, upload-time = "2024-09-13T13:44:16.101Z" }
wheels = [
    { url = "https://files.pythonhosted.org/packages/62/8b/5ba542fa83c90e09eac972fc9baca7a88e7e7ca4b221a89251954019308b/zipp-3.20.2-py3-none-any.whl", hash = "sha256:a817ac80d6cf4b23bf7f2828b7cabf326f15a001bea8b1f9b49631780ba28350", size = 9200, upload-time = "2024-09-13T13:44:14.38Z" },
]
